
Microsoft Visual Studio Solution File, Format Version 12.00
# Visual Studio 2012
Project("{8BC9CEB8-8B4A-11D0-8D11-00A0C91BC942}") = "pivotal", "pivotal\pivotal.vcxproj", "{58995D6D-2911-4B0A-A0A9-59D2E7F0CB84}"
EndProject
Global
	GlobalSection(SolutionConfigurationPlatforms) = preSolution
		Debug|Win32 = Debug|Win32
		Release|Win32 = Release|Win32
	EndGlobalSection
	GlobalSection(ProjectConfigurationPlatforms) = postSolution
		{58995D6D-2911-4B0A-A0A9-59D2E7F0CB84}.Debug|Win32.ActiveCfg = Debug|Win32
		{58995D6D-2911-4B0A-A0A9-59D2E7F0CB84}.Debug|Win32.Build.0 = Debug|Win32
		{58995D6D-2911-4B0A-A0A9-59D2E7F0CB84}.Release|Win32.ActiveCfg = Release|Win32
		{58995D6D-2911-4B0A-A0A9-59D2E7F0CB84}.Release|Win32.Build.0 = Release|Win32
	EndGlobalSection
	GlobalSection(SolutionProperties) = preSolution
		HideSolutionNode = FALSE
	EndGlobalSection
EndGlobal
