
Microsoft Visual Studio Solution File, Format Version 12.00
# Visual Studio 2012
Project("{8BC9CEB8-8B4A-11D0-8D11-00A0C91BC942}") = "pivotal", "pivotal.vcxproj", "{58995D6D-2911-4B0A-A0A9-59D2E7F0CB84}"
EndProject
Project("{8BC9CEB8-8B4A-11D0-8D11-00A0C91BC942}") = "driver", "driver.vcxproj", "{03CCC8D0-0280-4701-81F5-9AA394AC98BA}"
EndProject
Global
	GlobalSection(SolutionConfigurationPlatforms) = preSolution
		Debug|Win32 = Debug|Win32
		Debug|x64 = Debug|x64
		Release|Win32 = Release|Win32
		Release|x64 = Release|x64
	EndGlobalSection
	GlobalSection(ProjectConfigurationPlatforms) = postSolution
		{58995D6D-2911-4B0A-A0A9-59D2E7F0CB84}.Debug|Win32.ActiveCfg = Debug|Win32
		{58995D6D-2911-4B0A-A0A9-59D2E7F0CB84}.Debug|Win32.Build.0 = Debug|Win32
		{58995D6D-2911-4B0A-A0A9-59D2E7F0CB84}.Debug|x64.ActiveCfg = Debug|x64
		{58995D6D-2911-4B0A-A0A9-59D2E7F0CB84}.Debug|x64.Build.0 = Debug|x64
		{58995D6D-2911-4B0A-A0A9-59D2E7F0CB84}.Release|Win32.ActiveCfg = Release|Win32
		{58995D6D-2911-4B0A-A0A9-59D2E7F0CB84}.Release|Win32.Build.0 = Release|Win32
		{58995D6D-2911-4B0A-A0A9-59D2E7F0CB84}.Release|x64.ActiveCfg = Release|x64
		{58995D6D-2911-4B0A-A0A9-59D2E7F0CB84}.Release|x64.Build.0 = Release|x64
		{03CCC8D0-0280-4701-81F5-9AA394AC98BA}.Debug|Win32.ActiveCfg = Debug|Win32
		{03CCC8D0-0280-4701-81F5-9AA394AC98BA}.Debug|Win32.Build.0 = Debug|Win32
		{03CCC8D0-0280-4701-81F5-9AA394AC98BA}.Debug|x64.ActiveCfg = Debug|x64
		{03CCC8D0-0280-4701-81F5-9AA394AC98BA}.Debug|x64.Build.0 = Debug|x64
		{03CCC8D0-0280-4701-81F5-9AA394AC98BA}.Release|Win32.ActiveCfg = Release|Win32
		{03CCC8D0-0280-4701-81F5-9AA394AC98BA}.Release|Win32.Build.0 = Release|Win32
		{03CCC8D0-0280-4701-81F5-9AA394AC98BA}.Release|x64.ActiveCfg = Release|x64
		{03CCC8D0-0280-4701-81F5-9AA394AC98BA}.Release|x64.Build.0 = Release|x64
	EndGlobalSection
	GlobalSection(SolutionProperties) = preSolution
		HideSolutionNode = FALSE
	EndGlobalSection
EndGlobal
